// !$*UTF8*$!
{
	archiveVersion = 1;
	classes = {
	};
	objectVersion = 46;
	objects = {

/* Begin PBXBuildFile section */
		18D98E1F1C0ED1E200A059C0 /* AdvancedOperations.h in Headers */ = {isa = PBXBuildFile; fileRef = 18D98E1E1C0ED1E200A059C0 /* AdvancedOperations.h */; settings = {ATTRIBUTES = (Public, ); }; };
		18D98E261C0ED1E200A059C0 /* AdvancedOperations.framework in Frameworks */ = {isa = PBXBuildFile; fileRef = 18D98E1B1C0ED1E200A059C0 /* AdvancedOperations.framework */; };
		18D98E2B1C0ED1E200A059C0 /* AdvancedOperationsTests.swift in Sources */ = {isa = PBXBuildFile; fileRef = 18D98E2A1C0ED1E200A059C0 /* AdvancedOperationsTests.swift */; };
		18D98E581C0ED4AD00A059C0 /* AlertOperation.swift in Sources */ = {isa = PBXBuildFile; fileRef = 18D98E351C0ED4AD00A059C0 /* AlertOperation.swift */; };
		18D98E591C0ED4AD00A059C0 /* BackgroundObserver.swift in Sources */ = {isa = PBXBuildFile; fileRef = 18D98E361C0ED4AD00A059C0 /* BackgroundObserver.swift */; };
		18D98E5A1C0ED4AD00A059C0 /* NetworkObserver.swift in Sources */ = {isa = PBXBuildFile; fileRef = 18D98E371C0ED4AD00A059C0 /* NetworkObserver.swift */; };
		18D98E5B1C0ED4AD00A059C0 /* BlockObserver.swift in Sources */ = {isa = PBXBuildFile; fileRef = 18D98E391C0ED4AD00A059C0 /* BlockObserver.swift */; };
		18D98E5C1C0ED4AD00A059C0 /* BlockOperation.swift in Sources */ = {isa = PBXBuildFile; fileRef = 18D98E3A1C0ED4AD00A059C0 /* BlockOperation.swift */; };
		18D98E5D1C0ED4AD00A059C0 /* CalendarCondition.swift in Sources */ = {isa = PBXBuildFile; fileRef = 18D98E3B1C0ED4AD00A059C0 /* CalendarCondition.swift */; };
		18D98E5E1C0ED4AD00A059C0 /* CKContainer+Operations.swift in Sources */ = {isa = PBXBuildFile; fileRef = 18D98E3C1C0ED4AD00A059C0 /* CKContainer+Operations.swift */; };
		18D98E5F1C0ED4AD00A059C0 /* CloudCondition.swift in Sources */ = {isa = PBXBuildFile; fileRef = 18D98E3D1C0ED4AD00A059C0 /* CloudCondition.swift */; };
		18D98E601C0ED4AD00A059C0 /* DelayOperation.swift in Sources */ = {isa = PBXBuildFile; fileRef = 18D98E3E1C0ED4AD00A059C0 /* DelayOperation.swift */; };
		18D98E611C0ED4AD00A059C0 /* Dictionary+Operations.swift in Sources */ = {isa = PBXBuildFile; fileRef = 18D98E3F1C0ED4AD00A059C0 /* Dictionary+Operations.swift */; };
		18D98E621C0ED4AD00A059C0 /* ExclusivityController.swift in Sources */ = {isa = PBXBuildFile; fileRef = 18D98E401C0ED4AD00A059C0 /* ExclusivityController.swift */; };
		18D98E631C0ED4AD00A059C0 /* GroupOperation.swift in Sources */ = {isa = PBXBuildFile; fileRef = 18D98E411C0ED4AD00A059C0 /* GroupOperation.swift */; };
		18D98E641C0ED4AD00A059C0 /* HealthCondition.swift in Sources */ = {isa = PBXBuildFile; fileRef = 18D98E421C0ED4AD00A059C0 /* HealthCondition.swift */; };
		18D98E651C0ED4AD00A059C0 /* LocationCondition.swift in Sources */ = {isa = PBXBuildFile; fileRef = 18D98E431C0ED4AD00A059C0 /* LocationCondition.swift */; };
		18D98E661C0ED4AD00A059C0 /* LocationOperation.swift in Sources */ = {isa = PBXBuildFile; fileRef = 18D98E441C0ED4AD00A059C0 /* LocationOperation.swift */; };
		18D98E671C0ED4AD00A059C0 /* MutuallyExclusive.swift in Sources */ = {isa = PBXBuildFile; fileRef = 18D98E451C0ED4AD00A059C0 /* MutuallyExclusive.swift */; };
		18D98E681C0ED4AD00A059C0 /* NegatedCondition.swift in Sources */ = {isa = PBXBuildFile; fileRef = 18D98E461C0ED4AD00A059C0 /* NegatedCondition.swift */; };
		18D98E691C0ED4AD00A059C0 /* NoCancelledDependencies.swift in Sources */ = {isa = PBXBuildFile; fileRef = 18D98E471C0ED4AD00A059C0 /* NoCancelledDependencies.swift */; };
		18D98E6A1C0ED4AD00A059C0 /* NSLock+Operations.swift in Sources */ = {isa = PBXBuildFile; fileRef = 18D98E481C0ED4AD00A059C0 /* NSLock+Operations.swift */; };
		18D98E6B1C0ED4AD00A059C0 /* NSOperation+Operations.swift in Sources */ = {isa = PBXBuildFile; fileRef = 18D98E491C0ED4AD00A059C0 /* NSOperation+Operations.swift */; };
		18D98E6C1C0ED4AD00A059C0 /* Operation.swift in Sources */ = {isa = PBXBuildFile; fileRef = 18D98E4A1C0ED4AD00A059C0 /* Operation.swift */; };
		18D98E6D1C0ED4AD00A059C0 /* OperationCondition.swift in Sources */ = {isa = PBXBuildFile; fileRef = 18D98E4B1C0ED4AD00A059C0 /* OperationCondition.swift */; };
		18D98E6E1C0ED4AD00A059C0 /* OperationErrors.swift in Sources */ = {isa = PBXBuildFile; fileRef = 18D98E4C1C0ED4AD00A059C0 /* OperationErrors.swift */; };
		18D98E6F1C0ED4AD00A059C0 /* OperationObserver.swift in Sources */ = {isa = PBXBuildFile; fileRef = 18D98E4D1C0ED4AD00A059C0 /* OperationObserver.swift */; };
		18D98E701C0ED4AD00A059C0 /* OperationQueue.swift in Sources */ = {isa = PBXBuildFile; fileRef = 18D98E4E1C0ED4AD00A059C0 /* OperationQueue.swift */; };
		18D98E711C0ED4AD00A059C0 /* PassbookCondition.swift in Sources */ = {isa = PBXBuildFile; fileRef = 18D98E4F1C0ED4AD00A059C0 /* PassbookCondition.swift */; };
		18D98E721C0ED4AD00A059C0 /* PhotosCondition.swift in Sources */ = {isa = PBXBuildFile; fileRef = 18D98E501C0ED4AD00A059C0 /* PhotosCondition.swift */; };
		18D98E731C0ED4AD00A059C0 /* ReachabilityCondition.swift in Sources */ = {isa = PBXBuildFile; fileRef = 18D98E511C0ED4AD00A059C0 /* ReachabilityCondition.swift */; };
		18D98E741C0ED4AD00A059C0 /* RemoteNotificationCondition.swift in Sources */ = {isa = PBXBuildFile; fileRef = 18D98E521C0ED4AD00A059C0 /* RemoteNotificationCondition.swift */; };
		18D98E751C0ED4AD00A059C0 /* SilentCondition.swift in Sources */ = {isa = PBXBuildFile; fileRef = 18D98E531C0ED4AD00A059C0 /* SilentCondition.swift */; };
		18D98E761C0ED4AD00A059C0 /* TimeoutObserver.swift in Sources */ = {isa = PBXBuildFile; fileRef = 18D98E541C0ED4AD00A059C0 /* TimeoutObserver.swift */; };
		18D98E771C0ED4AD00A059C0 /* UIUserNotifications+Operations.swift in Sources */ = {isa = PBXBuildFile; fileRef = 18D98E551C0ED4AD00A059C0 /* UIUserNotifications+Operations.swift */; };
		18D98E781C0ED4AD00A059C0 /* URLSessionTaskOperation.swift in Sources */ = {isa = PBXBuildFile; fileRef = 18D98E561C0ED4AD00A059C0 /* URLSessionTaskOperation.swift */; };
		18D98E791C0ED4AD00A059C0 /* UserNotificationCondition.swift in Sources */ = {isa = PBXBuildFile; fileRef = 18D98E571C0ED4AD00A059C0 /* UserNotificationCondition.swift */; };
/* End PBXBuildFile section */

/* Begin PBXContainerItemProxy section */
		18D98E271C0ED1E200A059C0 /* PBXContainerItemProxy */ = {
			isa = PBXContainerItemProxy;
			containerPortal = 18D98E121C0ED1E200A059C0 /* Project object */;
			proxyType = 1;
			remoteGlobalIDString = 18D98E1A1C0ED1E200A059C0;
			remoteInfo = AdvancedOperations;
		};
/* End PBXContainerItemProxy section */

/* Begin PBXFileReference section */
		18D98E1B1C0ED1E200A059C0 /* AdvancedOperations.framework */ = {isa = PBXFileReference; explicitFileType = wrapper.framework; includeInIndex = 0; path = AdvancedOperations.framework; sourceTree = BUILT_PRODUCTS_DIR; };
		18D98E1E1C0ED1E200A059C0 /* AdvancedOperations.h */ = {isa = PBXFileReference; lastKnownFileType = sourcecode.c.h; path = AdvancedOperations.h; sourceTree = "<group>"; };
		18D98E201C0ED1E200A059C0 /* Info.plist */ = {isa = PBXFileReference; lastKnownFileType = text.plist.xml; path = Info.plist; sourceTree = "<group>"; };
		18D98E251C0ED1E200A059C0 /* AdvancedOperationsTests.xctest */ = {isa = PBXFileReference; explicitFileType = wrapper.cfbundle; includeInIndex = 0; path = AdvancedOperationsTests.xctest; sourceTree = BUILT_PRODUCTS_DIR; };
		18D98E2A1C0ED1E200A059C0 /* AdvancedOperationsTests.swift */ = {isa = PBXFileReference; lastKnownFileType = sourcecode.swift; path = AdvancedOperationsTests.swift; sourceTree = "<group>"; };
		18D98E2C1C0ED1E200A059C0 /* Info.plist */ = {isa = PBXFileReference; lastKnownFileType = text.plist.xml; path = Info.plist; sourceTree = "<group>"; };
		18D98E351C0ED4AD00A059C0 /* AlertOperation.swift */ = {isa = PBXFileReference; fileEncoding = 4; lastKnownFileType = sourcecode.swift; path = AlertOperation.swift; sourceTree = "<group>"; };
		18D98E361C0ED4AD00A059C0 /* BackgroundObserver.swift */ = {isa = PBXFileReference; fileEncoding = 4; lastKnownFileType = sourcecode.swift; path = BackgroundObserver.swift; sourceTree = "<group>"; };
		18D98E371C0ED4AD00A059C0 /* NetworkObserver.swift */ = {isa = PBXFileReference; fileEncoding = 4; lastKnownFileType = sourcecode.swift; path = NetworkObserver.swift; sourceTree = "<group>"; };
		18D98E391C0ED4AD00A059C0 /* BlockObserver.swift */ = {isa = PBXFileReference; fileEncoding = 4; lastKnownFileType = sourcecode.swift; path = BlockObserver.swift; sourceTree = "<group>"; };
		18D98E3A1C0ED4AD00A059C0 /* BlockOperation.swift */ = {isa = PBXFileReference; fileEncoding = 4; lastKnownFileType = sourcecode.swift; path = BlockOperation.swift; sourceTree = "<group>"; };
		18D98E3B1C0ED4AD00A059C0 /* CalendarCondition.swift */ = {isa = PBXFileReference; fileEncoding = 4; lastKnownFileType = sourcecode.swift; path = CalendarCondition.swift; sourceTree = "<group>"; };
		18D98E3C1C0ED4AD00A059C0 /* CKContainer+Operations.swift */ = {isa = PBXFileReference; fileEncoding = 4; lastKnownFileType = sourcecode.swift; path = "CKContainer+Operations.swift"; sourceTree = "<group>"; };
		18D98E3D1C0ED4AD00A059C0 /* CloudCondition.swift */ = {isa = PBXFileReference; fileEncoding = 4; lastKnownFileType = sourcecode.swift; path = CloudCondition.swift; sourceTree = "<group>"; };
		18D98E3E1C0ED4AD00A059C0 /* DelayOperation.swift */ = {isa = PBXFileReference; fileEncoding = 4; lastKnownFileType = sourcecode.swift; path = DelayOperation.swift; sourceTree = "<group>"; };
		18D98E3F1C0ED4AD00A059C0 /* Dictionary+Operations.swift */ = {isa = PBXFileReference; fileEncoding = 4; lastKnownFileType = sourcecode.swift; path = "Dictionary+Operations.swift"; sourceTree = "<group>"; };
		18D98E401C0ED4AD00A059C0 /* ExclusivityController.swift */ = {isa = PBXFileReference; fileEncoding = 4; lastKnownFileType = sourcecode.swift; path = ExclusivityController.swift; sourceTree = "<group>"; };
		18D98E411C0ED4AD00A059C0 /* GroupOperation.swift */ = {isa = PBXFileReference; fileEncoding = 4; lastKnownFileType = sourcecode.swift; path = GroupOperation.swift; sourceTree = "<group>"; };
		18D98E421C0ED4AD00A059C0 /* HealthCondition.swift */ = {isa = PBXFileReference; fileEncoding = 4; lastKnownFileType = sourcecode.swift; path = HealthCondition.swift; sourceTree = "<group>"; };
		18D98E431C0ED4AD00A059C0 /* LocationCondition.swift */ = {isa = PBXFileReference; fileEncoding = 4; lastKnownFileType = sourcecode.swift; path = LocationCondition.swift; sourceTree = "<group>"; };
		18D98E441C0ED4AD00A059C0 /* LocationOperation.swift */ = {isa = PBXFileReference; fileEncoding = 4; lastKnownFileType = sourcecode.swift; path = LocationOperation.swift; sourceTree = "<group>"; };
		18D98E451C0ED4AD00A059C0 /* MutuallyExclusive.swift */ = {isa = PBXFileReference; fileEncoding = 4; lastKnownFileType = sourcecode.swift; path = MutuallyExclusive.swift; sourceTree = "<group>"; };
		18D98E461C0ED4AD00A059C0 /* NegatedCondition.swift */ = {isa = PBXFileReference; fileEncoding = 4; lastKnownFileType = sourcecode.swift; path = NegatedCondition.swift; sourceTree = "<group>"; };
		18D98E471C0ED4AD00A059C0 /* NoCancelledDependencies.swift */ = {isa = PBXFileReference; fileEncoding = 4; lastKnownFileType = sourcecode.swift; path = NoCancelledDependencies.swift; sourceTree = "<group>"; };
		18D98E481C0ED4AD00A059C0 /* NSLock+Operations.swift */ = {isa = PBXFileReference; fileEncoding = 4; lastKnownFileType = sourcecode.swift; path = "NSLock+Operations.swift"; sourceTree = "<group>"; };
		18D98E491C0ED4AD00A059C0 /* NSOperation+Operations.swift */ = {isa = PBXFileReference; fileEncoding = 4; lastKnownFileType = sourcecode.swift; path = "NSOperation+Operations.swift"; sourceTree = "<group>"; };
		18D98E4A1C0ED4AD00A059C0 /* Operation.swift */ = {isa = PBXFileReference; fileEncoding = 4; lastKnownFileType = sourcecode.swift; path = Operation.swift; sourceTree = "<group>"; };
		18D98E4B1C0ED4AD00A059C0 /* OperationCondition.swift */ = {isa = PBXFileReference; fileEncoding = 4; lastKnownFileType = sourcecode.swift; path = OperationCondition.swift; sourceTree = "<group>"; };
		18D98E4C1C0ED4AD00A059C0 /* OperationErrors.swift */ = {isa = PBXFileReference; fileEncoding = 4; lastKnownFileType = sourcecode.swift; path = OperationErrors.swift; sourceTree = "<group>"; };
		18D98E4D1C0ED4AD00A059C0 /* OperationObserver.swift */ = {isa = PBXFileReference; fileEncoding = 4; lastKnownFileType = sourcecode.swift; path = OperationObserver.swift; sourceTree = "<group>"; };
		18D98E4E1C0ED4AD00A059C0 /* OperationQueue.swift */ = {isa = PBXFileReference; fileEncoding = 4; lastKnownFileType = sourcecode.swift; path = OperationQueue.swift; sourceTree = "<group>"; };
		18D98E4F1C0ED4AD00A059C0 /* PassbookCondition.swift */ = {isa = PBXFileReference; fileEncoding = 4; lastKnownFileType = sourcecode.swift; path = PassbookCondition.swift; sourceTree = "<group>"; };
		18D98E501C0ED4AD00A059C0 /* PhotosCondition.swift */ = {isa = PBXFileReference; fileEncoding = 4; lastKnownFileType = sourcecode.swift; path = PhotosCondition.swift; sourceTree = "<group>"; };
		18D98E511C0ED4AD00A059C0 /* ReachabilityCondition.swift */ = {isa = PBXFileReference; fileEncoding = 4; lastKnownFileType = sourcecode.swift; path = ReachabilityCondition.swift; sourceTree = "<group>"; };
		18D98E521C0ED4AD00A059C0 /* RemoteNotificationCondition.swift */ = {isa = PBXFileReference; fileEncoding = 4; lastKnownFileType = sourcecode.swift; path = RemoteNotificationCondition.swift; sourceTree = "<group>"; };
		18D98E531C0ED4AD00A059C0 /* SilentCondition.swift */ = {isa = PBXFileReference; fileEncoding = 4; lastKnownFileType = sourcecode.swift; path = SilentCondition.swift; sourceTree = "<group>"; };
		18D98E541C0ED4AD00A059C0 /* TimeoutObserver.swift */ = {isa = PBXFileReference; fileEncoding = 4; lastKnownFileType = sourcecode.swift; path = TimeoutObserver.swift; sourceTree = "<group>"; };
		18D98E551C0ED4AD00A059C0 /* UIUserNotifications+Operations.swift */ = {isa = PBXFileReference; fileEncoding = 4; lastKnownFileType = sourcecode.swift; path = "UIUserNotifications+Operations.swift"; sourceTree = "<group>"; };
		18D98E561C0ED4AD00A059C0 /* URLSessionTaskOperation.swift */ = {isa = PBXFileReference; fileEncoding = 4; lastKnownFileType = sourcecode.swift; path = URLSessionTaskOperation.swift; sourceTree = "<group>"; };
		18D98E571C0ED4AD00A059C0 /* UserNotificationCondition.swift */ = {isa = PBXFileReference; fileEncoding = 4; lastKnownFileType = sourcecode.swift; path = UserNotificationCondition.swift; sourceTree = "<group>"; };
/* End PBXFileReference section */

/* Begin PBXFrameworksBuildPhase section */
		18D98E171C0ED1E200A059C0 /* Frameworks */ = {
			isa = PBXFrameworksBuildPhase;
			buildActionMask = 2147483647;
			files = (
			);
			runOnlyForDeploymentPostprocessing = 0;
		};
		18D98E221C0ED1E200A059C0 /* Frameworks */ = {
			isa = PBXFrameworksBuildPhase;
			buildActionMask = 2147483647;
			files = (
				18D98E261C0ED1E200A059C0 /* AdvancedOperations.framework in Frameworks */,
			);
			runOnlyForDeploymentPostprocessing = 0;
		};
/* End PBXFrameworksBuildPhase section */

/* Begin PBXGroup section */
		18D98E111C0ED1E200A059C0 = {
			isa = PBXGroup;
			children = (
				18D98E1D1C0ED1E200A059C0 /* AdvancedOperations */,
				18D98E291C0ED1E200A059C0 /* AdvancedOperationsTests */,
				18D98E1C1C0ED1E200A059C0 /* Products */,
			);
			sourceTree = "<group>";
		};
		18D98E1C1C0ED1E200A059C0 /* Products */ = {
			isa = PBXGroup;
			children = (
				18D98E1B1C0ED1E200A059C0 /* AdvancedOperations.framework */,
				18D98E251C0ED1E200A059C0 /* AdvancedOperationsTests.xctest */,
			);
			name = Products;
			sourceTree = "<group>";
		};
		18D98E1D1C0ED1E200A059C0 /* AdvancedOperations */ = {
			isa = PBXGroup;
			children = (
				18D98E1E1C0ED1E200A059C0 /* AdvancedOperations.h */,
				18D98E351C0ED4AD00A059C0 /* AlertOperation.swift */,
				18D98E361C0ED4AD00A059C0 /* BackgroundObserver.swift */,
				18D98E371C0ED4AD00A059C0 /* NetworkObserver.swift */,
				18D98E381C0ED4AD00A059C0 /* Operations */,
				18D98E201C0ED1E200A059C0 /* Info.plist */,
			);
			path = AdvancedOperations;
			sourceTree = "<group>";
		};
		18D98E291C0ED1E200A059C0 /* AdvancedOperationsTests */ = {
			isa = PBXGroup;
			children = (
				18D98E2A1C0ED1E200A059C0 /* AdvancedOperationsTests.swift */,
				18D98E2C1C0ED1E200A059C0 /* Info.plist */,
			);
			path = AdvancedOperationsTests;
			sourceTree = "<group>";
		};
		18D98E381C0ED4AD00A059C0 /* Operations */ = {
			isa = PBXGroup;
			children = (
				18D98E7A1C0ED4C200A059C0 /* Operation Queue */,
				18D98E7B1C0ED4EA00A059C0 /* Operations */,
				18D98E7C1C0ED50800A059C0 /* Observers */,
				18D98E7D1C0ED54800A059C0 /* Conditions */,
				18D98E7E1C0ED55500A059C0 /* Convenience Extensions */,
			);
			path = Operations;
			sourceTree = "<group>";
		};
		18D98E7A1C0ED4C200A059C0 /* Operation Queue */ = {
			isa = PBXGroup;
			children = (
				18D98E4E1C0ED4AD00A059C0 /* OperationQueue.swift */,
				18D98E401C0ED4AD00A059C0 /* ExclusivityController.swift */,
			);
			name = "Operation Queue";
			sourceTree = "<group>";
		};
		18D98E7B1C0ED4EA00A059C0 /* Operations */ = {
			isa = PBXGroup;
			children = (
				18D98E4A1C0ED4AD00A059C0 /* Operation.swift */,
				18D98E3A1C0ED4AD00A059C0 /* BlockOperation.swift */,
				18D98E411C0ED4AD00A059C0 /* GroupOperation.swift */,
				18D98E561C0ED4AD00A059C0 /* URLSessionTaskOperation.swift */,
				18D98E441C0ED4AD00A059C0 /* LocationOperation.swift */,
				18D98E3E1C0ED4AD00A059C0 /* DelayOperation.swift */,
			);
			name = Operations;
			sourceTree = "<group>";
		};
		18D98E7C1C0ED50800A059C0 /* Observers */ = {
			isa = PBXGroup;
			children = (
				18D98E4D1C0ED4AD00A059C0 /* OperationObserver.swift */,
				18D98E391C0ED4AD00A059C0 /* BlockObserver.swift */,
				18D98E541C0ED4AD00A059C0 /* TimeoutObserver.swift */,
			);
			name = Observers;
			sourceTree = "<group>";
		};
		18D98E7D1C0ED54800A059C0 /* Conditions */ = {
			isa = PBXGroup;
			children = (
				18D98E4C1C0ED4AD00A059C0 /* OperationErrors.swift */,
				18D98E4B1C0ED4AD00A059C0 /* OperationCondition.swift */,
				18D98E531C0ED4AD00A059C0 /* SilentCondition.swift */,
				18D98E461C0ED4AD00A059C0 /* NegatedCondition.swift */,
				18D98E471C0ED4AD00A059C0 /* NoCancelledDependencies.swift */,
				18D98E451C0ED4AD00A059C0 /* MutuallyExclusive.swift */,
				18D98E511C0ED4AD00A059C0 /* ReachabilityCondition.swift */,
				18D98E3D1C0ED4AD00A059C0 /* CloudCondition.swift */,
				18D98E4F1C0ED4AD00A059C0 /* PassbookCondition.swift */,
				18D98E431C0ED4AD00A059C0 /* LocationCondition.swift */,
				18D98E3B1C0ED4AD00A059C0 /* CalendarCondition.swift */,
				18D98E501C0ED4AD00A059C0 /* PhotosCondition.swift */,
				18D98E421C0ED4AD00A059C0 /* HealthCondition.swift */,
				18D98E521C0ED4AD00A059C0 /* RemoteNotificationCondition.swift */,
				18D98E571C0ED4AD00A059C0 /* UserNotificationCondition.swift */,
			);
			name = Conditions;
			sourceTree = "<group>";
		};
		18D98E7E1C0ED55500A059C0 /* Convenience Extensions */ = {
			isa = PBXGroup;
			children = (
				18D98E3F1C0ED4AD00A059C0 /* Dictionary+Operations.swift */,
				18D98E491C0ED4AD00A059C0 /* NSOperation+Operations.swift */,
				18D98E481C0ED4AD00A059C0 /* NSLock+Operations.swift */,
				18D98E3C1C0ED4AD00A059C0 /* CKContainer+Operations.swift */,
				18D98E551C0ED4AD00A059C0 /* UIUserNotifications+Operations.swift */,
			);
			name = "Convenience Extensions";
			sourceTree = "<group>";
		};
/* End PBXGroup section */

/* Begin PBXHeadersBuildPhase section */
		18D98E181C0ED1E200A059C0 /* Headers */ = {
			isa = PBXHeadersBuildPhase;
			buildActionMask = 2147483647;
			files = (
				18D98E1F1C0ED1E200A059C0 /* AdvancedOperations.h in Headers */,
			);
			runOnlyForDeploymentPostprocessing = 0;
		};
/* End PBXHeadersBuildPhase section */

/* Begin PBXNativeTarget section */
		18D98E1A1C0ED1E200A059C0 /* AdvancedOperations */ = {
			isa = PBXNativeTarget;
			buildConfigurationList = 18D98E2F1C0ED1E200A059C0 /* Build configuration list for PBXNativeTarget "AdvancedOperations" */;
			buildPhases = (
				18D98E161C0ED1E200A059C0 /* Sources */,
				18D98E171C0ED1E200A059C0 /* Frameworks */,
				18D98E181C0ED1E200A059C0 /* Headers */,
				18D98E191C0ED1E200A059C0 /* Resources */,
			);
			buildRules = (
			);
			dependencies = (
			);
			name = AdvancedOperations;
			productName = AdvancedOperations;
			productReference = 18D98E1B1C0ED1E200A059C0 /* AdvancedOperations.framework */;
			productType = "com.apple.product-type.framework";
		};
		18D98E241C0ED1E200A059C0 /* AdvancedOperationsTests */ = {
			isa = PBXNativeTarget;
			buildConfigurationList = 18D98E321C0ED1E200A059C0 /* Build configuration list for PBXNativeTarget "AdvancedOperationsTests" */;
			buildPhases = (
				18D98E211C0ED1E200A059C0 /* Sources */,
				18D98E221C0ED1E200A059C0 /* Frameworks */,
				18D98E231C0ED1E200A059C0 /* Resources */,
			);
			buildRules = (
			);
			dependencies = (
				18D98E281C0ED1E200A059C0 /* PBXTargetDependency */,
			);
			name = AdvancedOperationsTests;
			productName = AdvancedOperationsTests;
			productReference = 18D98E251C0ED1E200A059C0 /* AdvancedOperationsTests.xctest */;
			productType = "com.apple.product-type.bundle.unit-test";
		};
/* End PBXNativeTarget section */

/* Begin PBXProject section */
		18D98E121C0ED1E200A059C0 /* Project object */ = {
			isa = PBXProject;
			attributes = {
				LastSwiftUpdateCheck = 0710;
				LastUpgradeCheck = 0710;
				ORGANIZATIONNAME = "Robots And Pencils";
				TargetAttributes = {
					18D98E1A1C0ED1E200A059C0 = {
						CreatedOnToolsVersion = 7.1.1;
					};
					18D98E241C0ED1E200A059C0 = {
						CreatedOnToolsVersion = 7.1.1;
					};
				};
			};
			buildConfigurationList = 18D98E151C0ED1E200A059C0 /* Build configuration list for PBXProject "AdvancedOperations" */;
			compatibilityVersion = "Xcode 3.2";
			developmentRegion = English;
			hasScannedForEncodings = 0;
			knownRegions = (
				en,
			);
			mainGroup = 18D98E111C0ED1E200A059C0;
			productRefGroup = 18D98E1C1C0ED1E200A059C0 /* Products */;
			projectDirPath = "";
			projectRoot = "";
			targets = (
				18D98E1A1C0ED1E200A059C0 /* AdvancedOperations */,
				18D98E241C0ED1E200A059C0 /* AdvancedOperationsTests */,
			);
		};
/* End PBXProject section */

/* Begin PBXResourcesBuildPhase section */
		18D98E191C0ED1E200A059C0 /* Resources */ = {
			isa = PBXResourcesBuildPhase;
			buildActionMask = 2147483647;
			files = (
			);
			runOnlyForDeploymentPostprocessing = 0;
		};
		18D98E231C0ED1E200A059C0 /* Resources */ = {
			isa = PBXResourcesBuildPhase;
			buildActionMask = 2147483647;
			files = (
			);
			runOnlyForDeploymentPostprocessing = 0;
		};
/* End PBXResourcesBuildPhase section */

/* Begin PBXSourcesBuildPhase section */
		18D98E161C0ED1E200A059C0 /* Sources */ = {
			isa = PBXSourcesBuildPhase;
			buildActionMask = 2147483647;
			files = (
				18D98E581C0ED4AD00A059C0 /* AlertOperation.swift in Sources */,
				18D98E711C0ED4AD00A059C0 /* PassbookCondition.swift in Sources */,
				18D98E681C0ED4AD00A059C0 /* NegatedCondition.swift in Sources */,
				18D98E631C0ED4AD00A059C0 /* GroupOperation.swift in Sources */,
				18D98E6A1C0ED4AD00A059C0 /* NSLock+Operations.swift in Sources */,
				18D98E691C0ED4AD00A059C0 /* NoCancelledDependencies.swift in Sources */,
				18D98E651C0ED4AD00A059C0 /* LocationCondition.swift in Sources */,
				18D98E5D1C0ED4AD00A059C0 /* CalendarCondition.swift in Sources */,
				18D98E601C0ED4AD00A059C0 /* DelayOperation.swift in Sources */,
				18D98E741C0ED4AD00A059C0 /* RemoteNotificationCondition.swift in Sources */,
				18D98E6C1C0ED4AD00A059C0 /* Operation.swift in Sources */,
				18D98E611C0ED4AD00A059C0 /* Dictionary+Operations.swift in Sources */,
				18D98E5B1C0ED4AD00A059C0 /* BlockObserver.swift in Sources */,
				18D98E761C0ED4AD00A059C0 /* TimeoutObserver.swift in Sources */,
				18D98E6F1C0ED4AD00A059C0 /* OperationObserver.swift in Sources */,
				18D98E671C0ED4AD00A059C0 /* MutuallyExclusive.swift in Sources */,
				18D98E5A1C0ED4AD00A059C0 /* NetworkObserver.swift in Sources */,
				18D98E701C0ED4AD00A059C0 /* OperationQueue.swift in Sources */,
				18D98E6E1C0ED4AD00A059C0 /* OperationErrors.swift in Sources */,
				18D98E6D1C0ED4AD00A059C0 /* OperationCondition.swift in Sources */,
				18D98E6B1C0ED4AD00A059C0 /* NSOperation+Operations.swift in Sources */,
				18D98E791C0ED4AD00A059C0 /* UserNotificationCondition.swift in Sources */,
				18D98E771C0ED4AD00A059C0 /* UIUserNotifications+Operations.swift in Sources */,
				18D98E5C1C0ED4AD00A059C0 /* BlockOperation.swift in Sources */,
				18D98E621C0ED4AD00A059C0 /* ExclusivityController.swift in Sources */,
				18D98E661C0ED4AD00A059C0 /* LocationOperation.swift in Sources */,
				18D98E781C0ED4AD00A059C0 /* URLSessionTaskOperation.swift in Sources */,
				18D98E731C0ED4AD00A059C0 /* ReachabilityCondition.swift in Sources */,
				18D98E5F1C0ED4AD00A059C0 /* CloudCondition.swift in Sources */,
				18D98E5E1C0ED4AD00A059C0 /* CKContainer+Operations.swift in Sources */,
				18D98E751C0ED4AD00A059C0 /* SilentCondition.swift in Sources */,
				18D98E721C0ED4AD00A059C0 /* PhotosCondition.swift in Sources */,
				18D98E591C0ED4AD00A059C0 /* BackgroundObserver.swift in Sources */,
				18D98E641C0ED4AD00A059C0 /* HealthCondition.swift in Sources */,
			);
			runOnlyForDeploymentPostprocessing = 0;
		};
		18D98E211C0ED1E200A059C0 /* Sources */ = {
			isa = PBXSourcesBuildPhase;
			buildActionMask = 2147483647;
			files = (
				18D98E2B1C0ED1E200A059C0 /* AdvancedOperationsTests.swift in Sources */,
			);
			runOnlyForDeploymentPostprocessing = 0;
		};
/* End PBXSourcesBuildPhase section */

/* Begin PBXTargetDependency section */
		18D98E281C0ED1E200A059C0 /* PBXTargetDependency */ = {
			isa = PBXTargetDependency;
			target = 18D98E1A1C0ED1E200A059C0 /* AdvancedOperations */;
			targetProxy = 18D98E271C0ED1E200A059C0 /* PBXContainerItemProxy */;
		};
/* End PBXTargetDependency section */

/* Begin XCBuildConfiguration section */
		18D98E2D1C0ED1E200A059C0 /* Debug */ = {
			isa = XCBuildConfiguration;
			buildSettings = {
				ALWAYS_SEARCH_USER_PATHS = NO;
				CLANG_CXX_LANGUAGE_STANDARD = "gnu++0x";
				CLANG_CXX_LIBRARY = "libc++";
				CLANG_ENABLE_MODULES = YES;
				CLANG_ENABLE_OBJC_ARC = YES;
				CLANG_WARN_BOOL_CONVERSION = YES;
				CLANG_WARN_CONSTANT_CONVERSION = YES;
				CLANG_WARN_DIRECT_OBJC_ISA_USAGE = YES_ERROR;
				CLANG_WARN_EMPTY_BODY = YES;
				CLANG_WARN_ENUM_CONVERSION = YES;
				CLANG_WARN_INT_CONVERSION = YES;
				CLANG_WARN_OBJC_ROOT_CLASS = YES_ERROR;
				CLANG_WARN_UNREACHABLE_CODE = YES;
				CLANG_WARN__DUPLICATE_METHOD_MATCH = YES;
				"CODE_SIGN_IDENTITY[sdk=iphoneos*]" = "iPhone Developer";
				COPY_PHASE_STRIP = NO;
				CURRENT_PROJECT_VERSION = 1;
				DEBUG_INFORMATION_FORMAT = dwarf;
				ENABLE_STRICT_OBJC_MSGSEND = YES;
				ENABLE_TESTABILITY = YES;
				GCC_C_LANGUAGE_STANDARD = gnu99;
				GCC_DYNAMIC_NO_PIC = NO;
				GCC_NO_COMMON_BLOCKS = YES;
				GCC_OPTIMIZATION_LEVEL = 0;
				GCC_PREPROCESSOR_DEFINITIONS = (
					"DEBUG=1",
					"$(inherited)",
				);
				GCC_WARN_64_TO_32_BIT_CONVERSION = YES;
				GCC_WARN_ABOUT_RETURN_TYPE = YES_ERROR;
				GCC_WARN_UNDECLARED_SELECTOR = YES;
				GCC_WARN_UNINITIALIZED_AUTOS = YES_AGGRESSIVE;
				GCC_WARN_UNUSED_FUNCTION = YES;
				GCC_WARN_UNUSED_VARIABLE = YES;
				IPHONEOS_DEPLOYMENT_TARGET = 9.1;
				MTL_ENABLE_DEBUG_INFO = YES;
				ONLY_ACTIVE_ARCH = YES;
				SDKROOT = iphoneos;
				SWIFT_OPTIMIZATION_LEVEL = "-Onone";
				TARGETED_DEVICE_FAMILY = "1,2";
				VERSIONING_SYSTEM = "apple-generic";
				VERSION_INFO_PREFIX = "";
			};
			name = Debug;
		};
		18D98E2E1C0ED1E200A059C0 /* Release */ = {
			isa = XCBuildConfiguration;
			buildSettings = {
				ALWAYS_SEARCH_USER_PATHS = NO;
				CLANG_CXX_LANGUAGE_STANDARD = "gnu++0x";
				CLANG_CXX_LIBRARY = "libc++";
				CLANG_ENABLE_MODULES = YES;
				CLANG_ENABLE_OBJC_ARC = YES;
				CLANG_WARN_BOOL_CONVERSION = YES;
				CLANG_WARN_CONSTANT_CONVERSION = YES;
				CLANG_WARN_DIRECT_OBJC_ISA_USAGE = YES_ERROR;
				CLANG_WARN_EMPTY_BODY = YES;
				CLANG_WARN_ENUM_CONVERSION = YES;
				CLANG_WARN_INT_CONVERSION = YES;
				CLANG_WARN_OBJC_ROOT_CLASS = YES_ERROR;
				CLANG_WARN_UNREACHABLE_CODE = YES;
				CLANG_WARN__DUPLICATE_METHOD_MATCH = YES;
				"CODE_SIGN_IDENTITY[sdk=iphoneos*]" = "iPhone Developer";
				COPY_PHASE_STRIP = NO;
				CURRENT_PROJECT_VERSION = 1;
				DEBUG_INFORMATION_FORMAT = "dwarf-with-dsym";
				ENABLE_NS_ASSERTIONS = NO;
				ENABLE_STRICT_OBJC_MSGSEND = YES;
				GCC_C_LANGUAGE_STANDARD = gnu99;
				GCC_NO_COMMON_BLOCKS = YES;
				GCC_WARN_64_TO_32_BIT_CONVERSION = YES;
				GCC_WARN_ABOUT_RETURN_TYPE = YES_ERROR;
				GCC_WARN_UNDECLARED_SELECTOR = YES;
				GCC_WARN_UNINITIALIZED_AUTOS = YES_AGGRESSIVE;
				GCC_WARN_UNUSED_FUNCTION = YES;
				GCC_WARN_UNUSED_VARIABLE = YES;
				IPHONEOS_DEPLOYMENT_TARGET = 9.1;
				MTL_ENABLE_DEBUG_INFO = NO;
				SDKROOT = iphoneos;
				TARGETED_DEVICE_FAMILY = "1,2";
				VALIDATE_PRODUCT = YES;
				VERSIONING_SYSTEM = "apple-generic";
				VERSION_INFO_PREFIX = "";
			};
			name = Release;
		};
		18D98E301C0ED1E200A059C0 /* Debug */ = {
			isa = XCBuildConfiguration;
			buildSettings = {
				CLANG_ENABLE_MODULES = YES;
				DEFINES_MODULE = YES;
				DYLIB_COMPATIBILITY_VERSION = 1;
				DYLIB_CURRENT_VERSION = 1;
				DYLIB_INSTALL_NAME_BASE = "@rpath";
				INFOPLIST_FILE = AdvancedOperations/Info.plist;
				INSTALL_PATH = "$(LOCAL_LIBRARY_DIR)/Frameworks";
				IPHONEOS_DEPLOYMENT_TARGET = 8.0;
				LD_RUNPATH_SEARCH_PATHS = "$(inherited) @executable_path/Frameworks @loader_path/Frameworks";
				PRODUCT_BUNDLE_IDENTIFIER = RobotsAndPencils.AdvancedOperations;
				PRODUCT_NAME = "$(TARGET_NAME)";
				SKIP_INSTALL = YES;
				SWIFT_OPTIMIZATION_LEVEL = "-Onone";
			};
			name = Debug;
		};
		18D98E311C0ED1E200A059C0 /* Release */ = {
			isa = XCBuildConfiguration;
			buildSettings = {
				CLANG_ENABLE_MODULES = YES;
				DEFINES_MODULE = YES;
				DYLIB_COMPATIBILITY_VERSION = 1;
				DYLIB_CURRENT_VERSION = 1;
				DYLIB_INSTALL_NAME_BASE = "@rpath";
				INFOPLIST_FILE = AdvancedOperations/Info.plist;
				INSTALL_PATH = "$(LOCAL_LIBRARY_DIR)/Frameworks";
				IPHONEOS_DEPLOYMENT_TARGET = 8.0;
				LD_RUNPATH_SEARCH_PATHS = "$(inherited) @executable_path/Frameworks @loader_path/Frameworks";
				PRODUCT_BUNDLE_IDENTIFIER = RobotsAndPencils.AdvancedOperations;
				PRODUCT_NAME = "$(TARGET_NAME)";
				SKIP_INSTALL = YES;
			};
			name = Release;
		};
		18D98E331C0ED1E200A059C0 /* Debug */ = {
			isa = XCBuildConfiguration;
			buildSettings = {
				INFOPLIST_FILE = AdvancedOperationsTests/Info.plist;
				LD_RUNPATH_SEARCH_PATHS = "$(inherited) @executable_path/Frameworks @loader_path/Frameworks";
				PRODUCT_BUNDLE_IDENTIFIER = RobotsAndPencils.AdvancedOperationsTests;
				PRODUCT_NAME = "$(TARGET_NAME)";
			};
			name = Debug;
		};
		18D98E341C0ED1E200A059C0 /* Release */ = {
			isa = XCBuildConfiguration;
			buildSettings = {
				INFOPLIST_FILE = AdvancedOperationsTests/Info.plist;
				LD_RUNPATH_SEARCH_PATHS = "$(inherited) @executable_path/Frameworks @loader_path/Frameworks";
				PRODUCT_BUNDLE_IDENTIFIER = RobotsAndPencils.AdvancedOperationsTests;
				PRODUCT_NAME = "$(TARGET_NAME)";
			};
			name = Release;
		};
/* End XCBuildConfiguration section */

/* Begin XCConfigurationList section */
		18D98E151C0ED1E200A059C0 /* Build configuration list for PBXProject "AdvancedOperations" */ = {
			isa = XCConfigurationList;
			buildConfigurations = (
				18D98E2D1C0ED1E200A059C0 /* Debug */,
				18D98E2E1C0ED1E200A059C0 /* Release */,
			);
			defaultConfigurationIsVisible = 0;
			defaultConfigurationName = Release;
		};
		18D98E2F1C0ED1E200A059C0 /* Build configuration list for PBXNativeTarget "AdvancedOperations" */ = {
			isa = XCConfigurationList;
			buildConfigurations = (
				18D98E301C0ED1E200A059C0 /* Debug */,
				18D98E311C0ED1E200A059C0 /* Release */,
			);
			defaultConfigurationIsVisible = 0;
			defaultConfigurationName = Release;
		};
		18D98E321C0ED1E200A059C0 /* Build configuration list for PBXNativeTarget "AdvancedOperationsTests" */ = {
			isa = XCConfigurationList;
			buildConfigurations = (
				18D98E331C0ED1E200A059C0 /* Debug */,
				18D98E341C0ED1E200A059C0 /* Release */,
			);
			defaultConfigurationIsVisible = 0;
			defaultConfigurationName = Release;
		};
/* End XCConfigurationList section */
	};
	rootObject = 18D98E121C0ED1E200A059C0 /* Project object */;
}
